
Microsoft Visual Studio Solution File, Format Version 12.00
# Visual Studio Version 16
VisualStudioVersion = 16.0.33130.400
MinimumVisualStudioVersion = 10.0.40219.1
Project("{FAE04EC0-301F-11D3-BF4B-00C04F79EFBC}") = "dice_simulator2", "dice_simulator2\dice_simulator2.csproj", "{AC905C75-3E80-4ABE-B016-015835F78B8B}"
EndProject
Global
	GlobalSection(SolutionConfigurationPlatforms) = preSolution
		Debug|Any CPU = Debug|Any CPU
		Release|Any CPU = Release|Any CPU
	EndGlobalSection
	GlobalSection(ProjectConfigurationPlatforms) = postSolution
		{AC905C75-3E80-4ABE-B016-015835F78B8B}.Debug|Any CPU.ActiveCfg = Debug|Any CPU
		{AC905C75-3E80-4ABE-B016-015835F78B8B}.Debug|Any CPU.Build.0 = Debug|Any CPU
		{AC905C75-3E80-4ABE-B016-015835F78B8B}.Release|Any CPU.ActiveCfg = Release|Any CPU
		{AC905C75-3E80-4ABE-B016-015835F78B8B}.Release|Any CPU.Build.0 = Release|Any CPU
	EndGlobalSection
	GlobalSection(SolutionProperties) = preSolution
		HideSolutionNode = FALSE
	EndGlobalSection
	GlobalSection(ExtensibilityGlobals) = postSolution
		SolutionGuid = {BC93EC63-A0AF-4646-8134-2B02275FCAA7}
	EndGlobalSection
EndGlobal
